// !$*UTF8*$!
{
	archiveVersion = 1;
	classes = {
	};
	objectVersion = 50;
	objects = {

/* Begin PBXBuildFile section */
		2D22B8B721C4BFD100AC5555 /* NSLayoutConstraint+MASDebugAdditions.m in Sources */ = {isa = PBXBuildFile; fileRef = 2D22B89F21C4BFD100AC5555 /* NSLayoutConstraint+MASDebugAdditions.m */; };
		2D22B8B821C4BFD100AC5555 /* ViewController+MASAdditions.m in Sources */ = {isa = PBXBuildFile; fileRef = 2D22B8A821C4BFD100AC5555 /* ViewController+MASAdditions.m */; };
		2D22B8B921C4BFD100AC5555 /* MASCompositeConstraint.m in Sources */ = {isa = PBXBuildFile; fileRef = 2D22B8AC21C4BFD100AC5555 /* MASCompositeConstraint.m */; };
		2D22B8BA21C4BFD100AC5555 /* MASConstraintMaker.m in Sources */ = {isa = PBXBuildFile; fileRef = 2D22B8AD21C4BFD100AC5555 /* MASConstraintMaker.m */; };
		2D22B8BB21C4BFD100AC5555 /* MASLayoutConstraint.m in Sources */ = {isa = PBXBuildFile; fileRef = 2D22B8AE21C4BFD100AC5555 /* MASLayoutConstraint.m */; };
		2D22B8BC21C4BFD100AC5555 /* NSArray+MASAdditions.m in Sources */ = {isa = PBXBuildFile; fileRef = 2D22B8AF21C4BFD100AC5555 /* NSArray+MASAdditions.m */; };
		2D22B8BD21C4BFD100AC5555 /* View+MASAdditions.m in Sources */ = {isa = PBXBuildFile; fileRef = 2D22B8B021C4BFD100AC5555 /* View+MASAdditions.m */; };
		2D22B8BE21C4BFD100AC5555 /* MASConstraint.m in Sources */ = {isa = PBXBuildFile; fileRef = 2D22B8B321C4BFD100AC5555 /* MASConstraint.m */; };
		2D22B8BF21C4BFD100AC5555 /* MASViewConstraint.m in Sources */ = {isa = PBXBuildFile; fileRef = 2D22B8B521C4BFD100AC5555 /* MASViewConstraint.m */; };
		2D22B8C021C4BFD100AC5555 /* MASViewAttribute.m in Sources */ = {isa = PBXBuildFile; fileRef = 2D22B8B621C4BFD100AC5555 /* MASViewAttribute.m */; };
		2D22B8C321C4C05700AC5555 /* CommonTool.m in Sources */ = {isa = PBXBuildFile; fileRef = 2D22B8C221C4C05700AC5555 /* CommonTool.m */; };
		2D22B8D621C4C18B00AC5555 /* YAxisView.m in Sources */ = {isa = PBXBuildFile; fileRef = 2D22B8C621C4C18B00AC5555 /* YAxisView.m */; };
		2D22B8D721C4C18B00AC5555 /* PointView.m in Sources */ = {isa = PBXBuildFile; fileRef = 2D22B8C721C4C18B00AC5555 /* PointView.m */; };
		2D22B8D821C4C18B00AC5555 /* LineView.m in Sources */ = {isa = PBXBuildFile; fileRef = 2D22B8C821C4C18B00AC5555 /* LineView.m */; };
		2D22B8D921C4C18B00AC5555 /* XAxisView.m in Sources */ = {isa = PBXBuildFile; fileRef = 2D22B8C921C4C18B00AC5555 /* XAxisView.m */; };
		2D22B8DA21C4C18B00AC5555 /* ValueView.m in Sources */ = {isa = PBXBuildFile; fileRef = 2D22B8CA21C4C18B00AC5555 /* ValueView.m */; };
		2D22B8DB21C4C18B00AC5555 /* AxisView.m in Sources */ = {isa = PBXBuildFile; fileRef = 2D22B8D221C4C18B00AC5555 /* AxisView.m */; };
		2D22B8DC21C4C18B00AC5555 /* HCLineChartView.m in Sources */ = {isa = PBXBuildFile; fileRef = 2D22B8D421C4C18B00AC5555 /* HCLineChartView.m */; };
		2D4332F520BE713200EA53AC /* AppDelegate.m in Sources */ = {isa = PBXBuildFile; fileRef = 2D4332F420BE713200EA53AC /* AppDelegate.m */; };
		2D4332F820BE713200EA53AC /* ViewController.m in Sources */ = {isa = PBXBuildFile; fileRef = 2D4332F720BE713200EA53AC /* ViewController.m */; };
		2D4332FB20BE713200EA53AC /* Main.storyboard in Resources */ = {isa = PBXBuildFile; fileRef = 2D4332F920BE713200EA53AC /* Main.storyboard */; };
		2D4332FD20BE713300EA53AC /* Assets.xcassets in Resources */ = {isa = PBXBuildFile; fileRef = 2D4332FC20BE713300EA53AC /* Assets.xcassets */; };
		2D43330020BE713300EA53AC /* LaunchScreen.storyboard in Resources */ = {isa = PBXBuildFile; fileRef = 2D4332FE20BE713300EA53AC /* LaunchScreen.storyboard */; };
		2D43330320BE713300EA53AC /* main.m in Sources */ = {isa = PBXBuildFile; fileRef = 2D43330220BE713300EA53AC /* main.m */; };
/* End PBXBuildFile section */

/* Begin PBXFileReference section */
		2D22B89E21C4BFD100AC5555 /* MASCompositeConstraint.h */ = {isa = PBXFileReference; fileEncoding = 4; lastKnownFileType = sourcecode.c.h; path = MASCompositeConstraint.h; sourceTree = "<group>"; };
		2D22B89F21C4BFD100AC5555 /* NSLayoutConstraint+MASDebugAdditions.m */ = {isa = PBXFileReference; fileEncoding = 4; lastKnownFileType = sourcecode.c.objc; path = "NSLayoutConstraint+MASDebugAdditions.m"; sourceTree = "<group>"; };
		2D22B8A021C4BFD100AC5555 /* MASConstraint+Private.h */ = {isa = PBXFileReference; fileEncoding = 4; lastKnownFileType = sourcecode.c.h; path = "MASConstraint+Private.h"; sourceTree = "<group>"; };
		2D22B8A121C4BFD100AC5555 /* MASLayoutConstraint.h */ = {isa = PBXFileReference; fileEncoding = 4; lastKnownFileType = sourcecode.c.h; path = MASLayoutConstraint.h; sourceTree = "<group>"; };
		2D22B8A221C4BFD100AC5555 /* NSArray+MASShorthandAdditions.h */ = {isa = PBXFileReference; fileEncoding = 4; lastKnownFileType = sourcecode.c.h; path = "NSArray+MASShorthandAdditions.h"; sourceTree = "<group>"; };
		2D22B8A321C4BFD100AC5555 /* MASConstraintMaker.h */ = {isa = PBXFileReference; fileEncoding = 4; lastKnownFileType = sourcecode.c.h; path = MASConstraintMaker.h; sourceTree = "<group>"; };
		2D22B8A421C4BFD100AC5555 /* View+MASAdditions.h */ = {isa = PBXFileReference; fileEncoding = 4; lastKnownFileType = sourcecode.c.h; path = "View+MASAdditions.h"; sourceTree = "<group>"; };
		2D22B8A521C4BFD100AC5555 /* NSArray+MASAdditions.h */ = {isa = PBXFileReference; fileEncoding = 4; lastKnownFileType = sourcecode.c.h; path = "NSArray+MASAdditions.h"; sourceTree = "<group>"; };
		2D22B8A621C4BFD100AC5555 /* MASUtilities.h */ = {isa = PBXFileReference; fileEncoding = 4; lastKnownFileType = sourcecode.c.h; path = MASUtilities.h; sourceTree = "<group>"; };
		2D22B8A721C4BFD100AC5555 /* MASViewAttribute.h */ = {isa = PBXFileReference; fileEncoding = 4; lastKnownFileType = sourcecode.c.h; path = MASViewAttribute.h; sourceTree = "<group>"; };
		2D22B8A821C4BFD100AC5555 /* ViewController+MASAdditions.m */ = {isa = PBXFileReference; fileEncoding = 4; lastKnownFileType = sourcecode.c.objc; path = "ViewController+MASAdditions.m"; sourceTree = "<group>"; };
		2D22B8A921C4BFD100AC5555 /* MASViewConstraint.h */ = {isa = PBXFileReference; fileEncoding = 4; lastKnownFileType = sourcecode.c.h; path = MASViewConstraint.h; sourceTree = "<group>"; };
		2D22B8AA21C4BFD100AC5555 /* MASConstraint.h */ = {isa = PBXFileReference; fileEncoding = 4; lastKnownFileType = sourcecode.c.h; path = MASConstraint.h; sourceTree = "<group>"; };
		2D22B8AB21C4BFD100AC5555 /* NSLayoutConstraint+MASDebugAdditions.h */ = {isa = PBXFileReference; fileEncoding = 4; lastKnownFileType = sourcecode.c.h; path = "NSLayoutConstraint+MASDebugAdditions.h"; sourceTree = "<group>"; };
		2D22B8AC21C4BFD100AC5555 /* MASCompositeConstraint.m */ = {isa = PBXFileReference; fileEncoding = 4; lastKnownFileType = sourcecode.c.objc; path = MASCompositeConstraint.m; sourceTree = "<group>"; };
		2D22B8AD21C4BFD100AC5555 /* MASConstraintMaker.m */ = {isa = PBXFileReference; fileEncoding = 4; lastKnownFileType = sourcecode.c.objc; path = MASConstraintMaker.m; sourceTree = "<group>"; };
		2D22B8AE21C4BFD100AC5555 /* MASLayoutConstraint.m */ = {isa = PBXFileReference; fileEncoding = 4; lastKnownFileType = sourcecode.c.objc; path = MASLayoutConstraint.m; sourceTree = "<group>"; };
		2D22B8AF21C4BFD100AC5555 /* NSArray+MASAdditions.m */ = {isa = PBXFileReference; fileEncoding = 4; lastKnownFileType = sourcecode.c.objc; path = "NSArray+MASAdditions.m"; sourceTree = "<group>"; };
		2D22B8B021C4BFD100AC5555 /* View+MASAdditions.m */ = {isa = PBXFileReference; fileEncoding = 4; lastKnownFileType = sourcecode.c.objc; path = "View+MASAdditions.m"; sourceTree = "<group>"; };
		2D22B8B121C4BFD100AC5555 /* View+MASShorthandAdditions.h */ = {isa = PBXFileReference; fileEncoding = 4; lastKnownFileType = sourcecode.c.h; path = "View+MASShorthandAdditions.h"; sourceTree = "<group>"; };
		2D22B8B221C4BFD100AC5555 /* Masonry.h */ = {isa = PBXFileReference; fileEncoding = 4; lastKnownFileType = sourcecode.c.h; path = Masonry.h; sourceTree = "<group>"; };
		2D22B8B321C4BFD100AC5555 /* MASConstraint.m */ = {isa = PBXFileReference; fileEncoding = 4; lastKnownFileType = sourcecode.c.objc; path = MASConstraint.m; sourceTree = "<group>"; };
		2D22B8B421C4BFD100AC5555 /* ViewController+MASAdditions.h */ = {isa = PBXFileReference; fileEncoding = 4; lastKnownFileType = sourcecode.c.h; path = "ViewController+MASAdditions.h"; sourceTree = "<group>"; };
		2D22B8B521C4BFD100AC5555 /* MASViewConstraint.m */ = {isa = PBXFileReference; fileEncoding = 4; lastKnownFileType = sourcecode.c.objc; path = MASViewConstraint.m; sourceTree = "<group>"; };
		2D22B8B621C4BFD100AC5555 /* MASViewAttribute.m */ = {isa = PBXFileReference; fileEncoding = 4; lastKnownFileType = sourcecode.c.objc; path = MASViewAttribute.m; sourceTree = "<group>"; };
		2D22B8C121C4C05600AC5555 /* CommonTool.h */ = {isa = PBXFileReference; fileEncoding = 4; lastKnownFileType = sourcecode.c.h; path = CommonTool.h; sourceTree = "<group>"; };
		2D22B8C221C4C05700AC5555 /* CommonTool.m */ = {isa = PBXFileReference; fileEncoding = 4; lastKnownFileType = sourcecode.c.objc; path = CommonTool.m; sourceTree = "<group>"; };
		2D22B8C621C4C18B00AC5555 /* YAxisView.m */ = {isa = PBXFileReference; fileEncoding = 4; lastKnownFileType = sourcecode.c.objc; path = YAxisView.m; sourceTree = "<group>"; };
		2D22B8C721C4C18B00AC5555 /* PointView.m */ = {isa = PBXFileReference; fileEncoding = 4; lastKnownFileType = sourcecode.c.objc; path = PointView.m; sourceTree = "<group>"; };
		2D22B8C821C4C18B00AC5555 /* LineView.m */ = {isa = PBXFileReference; fileEncoding = 4; lastKnownFileType = sourcecode.c.objc; path = LineView.m; sourceTree = "<group>"; };
		2D22B8C921C4C18B00AC5555 /* XAxisView.m */ = {isa = PBXFileReference; fileEncoding = 4; lastKnownFileType = sourcecode.c.objc; path = XAxisView.m; sourceTree = "<group>"; };
		2D22B8CA21C4C18B00AC5555 /* ValueView.m */ = {isa = PBXFileReference; fileEncoding = 4; lastKnownFileType = sourcecode.c.objc; path = ValueView.m; sourceTree = "<group>"; };
		2D22B8CB21C4C18B00AC5555 /* HCLineChartView.h */ = {isa = PBXFileReference; fileEncoding = 4; lastKnownFileType = sourcecode.c.h; path = HCLineChartView.h; sourceTree = "<group>"; };
		2D22B8CC21C4C18B00AC5555 /* AxisView.h */ = {isa = PBXFileReference; fileEncoding = 4; lastKnownFileType = sourcecode.c.h; path = AxisView.h; sourceTree = "<group>"; };
		2D22B8CD21C4C18B00AC5555 /* PointView.h */ = {isa = PBXFileReference; fileEncoding = 4; lastKnownFileType = sourcecode.c.h; path = PointView.h; sourceTree = "<group>"; };
		2D22B8CE21C4C18B00AC5555 /* YAxisView.h */ = {isa = PBXFileReference; fileEncoding = 4; lastKnownFileType = sourcecode.c.h; path = YAxisView.h; sourceTree = "<group>"; };
		2D22B8D021C4C18B00AC5555 /* LineView.h */ = {isa = PBXFileReference; fileEncoding = 4; lastKnownFileType = sourcecode.c.h; path = LineView.h; sourceTree = "<group>"; };
		2D22B8D121C4C18B00AC5555 /* XAxisView.h */ = {isa = PBXFileReference; fileEncoding = 4; lastKnownFileType = sourcecode.c.h; path = XAxisView.h; sourceTree = "<group>"; };
		2D22B8D221C4C18B00AC5555 /* AxisView.m */ = {isa = PBXFileReference; fileEncoding = 4; lastKnownFileType = sourcecode.c.objc; path = AxisView.m; sourceTree = "<group>"; };
		2D22B8D321C4C18B00AC5555 /* ValueView.h */ = {isa = PBXFileReference; fileEncoding = 4; lastKnownFileType = sourcecode.c.h; path = ValueView.h; sourceTree = "<group>"; };
		2D22B8D421C4C18B00AC5555 /* HCLineChartView.m */ = {isa = PBXFileReference; fileEncoding = 4; lastKnownFileType = sourcecode.c.objc; path = HCLineChartView.m; sourceTree = "<group>"; };
		2D4332F020BE713200EA53AC /* HCLineChart.app */ = {isa = PBXFileReference; explicitFileType = wrapper.application; includeInIndex = 0; path = HCLineChart.app; sourceTree = BUILT_PRODUCTS_DIR; };
		2D4332F320BE713200EA53AC /* AppDelegate.h */ = {isa = PBXFileReference; lastKnownFileType = sourcecode.c.h; path = AppDelegate.h; sourceTree = "<group>"; };
		2D4332F420BE713200EA53AC /* AppDelegate.m */ = {isa = PBXFileReference; lastKnownFileType = sourcecode.c.objc; path = AppDelegate.m; sourceTree = "<group>"; };
		2D4332F620BE713200EA53AC /* ViewController.h */ = {isa = PBXFileReference; lastKnownFileType = sourcecode.c.h; path = ViewController.h; sourceTree = "<group>"; };
		2D4332F720BE713200EA53AC /* ViewController.m */ = {isa = PBXFileReference; lastKnownFileType = sourcecode.c.objc; path = ViewController.m; sourceTree = "<group>"; };
		2D4332FA20BE713200EA53AC /* Base */ = {isa = PBXFileReference; lastKnownFileType = file.storyboard; name = Base; path = Base.lproj/Main.storyboard; sourceTree = "<group>"; };
		2D4332FC20BE713300EA53AC /* Assets.xcassets */ = {isa = PBXFileReference; lastKnownFileType = folder.assetcatalog; path = Assets.xcassets; sourceTree = "<group>"; };
		2D4332FF20BE713300EA53AC /* Base */ = {isa = PBXFileReference; lastKnownFileType = file.storyboard; name = Base; path = Base.lproj/LaunchScreen.storyboard; sourceTree = "<group>"; };
		2D43330120BE713300EA53AC /* Info.plist */ = {isa = PBXFileReference; lastKnownFileType = text.plist.xml; path = Info.plist; sourceTree = "<group>"; };
		2D43330220BE713300EA53AC /* main.m */ = {isa = PBXFileReference; lastKnownFileType = sourcecode.c.objc; path = main.m; sourceTree = "<group>"; };
/* End PBXFileReference section */

/* Begin PBXFrameworksBuildPhase section */
		2D4332ED20BE713200EA53AC /* Frameworks */ = {
			isa = PBXFrameworksBuildPhase;
			buildActionMask = 2147483647;
			files = (
			);
			runOnlyForDeploymentPostprocessing = 0;
		};
/* End PBXFrameworksBuildPhase section */

/* Begin PBXGroup section */
		2D22B89D21C4BFD100AC5555 /* Masonry */ = {
			isa = PBXGroup;
			children = (
				2D22B89E21C4BFD100AC5555 /* MASCompositeConstraint.h */,
				2D22B89F21C4BFD100AC5555 /* NSLayoutConstraint+MASDebugAdditions.m */,
				2D22B8A021C4BFD100AC5555 /* MASConstraint+Private.h */,
				2D22B8A121C4BFD100AC5555 /* MASLayoutConstraint.h */,
				2D22B8A221C4BFD100AC5555 /* NSArray+MASShorthandAdditions.h */,
				2D22B8A321C4BFD100AC5555 /* MASConstraintMaker.h */,
				2D22B8A421C4BFD100AC5555 /* View+MASAdditions.h */,
				2D22B8A521C4BFD100AC5555 /* NSArray+MASAdditions.h */,
				2D22B8A621C4BFD100AC5555 /* MASUtilities.h */,
				2D22B8A721C4BFD100AC5555 /* MASViewAttribute.h */,
				2D22B8A821C4BFD100AC5555 /* ViewController+MASAdditions.m */,
				2D22B8A921C4BFD100AC5555 /* MASViewConstraint.h */,
				2D22B8AA21C4BFD100AC5555 /* MASConstraint.h */,
				2D22B8AB21C4BFD100AC5555 /* NSLayoutConstraint+MASDebugAdditions.h */,
				2D22B8AC21C4BFD100AC5555 /* MASCompositeConstraint.m */,
				2D22B8AD21C4BFD100AC5555 /* MASConstraintMaker.m */,
				2D22B8AE21C4BFD100AC5555 /* MASLayoutConstraint.m */,
				2D22B8AF21C4BFD100AC5555 /* NSArray+MASAdditions.m */,
				2D22B8B021C4BFD100AC5555 /* View+MASAdditions.m */,
				2D22B8B121C4BFD100AC5555 /* View+MASShorthandAdditions.h */,
				2D22B8B221C4BFD100AC5555 /* Masonry.h */,
				2D22B8B321C4BFD100AC5555 /* MASConstraint.m */,
				2D22B8B421C4BFD100AC5555 /* ViewController+MASAdditions.h */,
				2D22B8B521C4BFD100AC5555 /* MASViewConstraint.m */,
				2D22B8B621C4BFD100AC5555 /* MASViewAttribute.m */,
			);
			path = Masonry;
			sourceTree = "<group>";
		};
		2D22B8C421C4C18B00AC5555 /* HCLineChart */ = {
			isa = PBXGroup;
			children = (
				2D22B8CB21C4C18B00AC5555 /* HCLineChartView.h */,
				2D22B8D421C4C18B00AC5555 /* HCLineChartView.m */,
				2D22B8CC21C4C18B00AC5555 /* AxisView.h */,
				2D22B8D221C4C18B00AC5555 /* AxisView.m */,
				2D22B8D121C4C18B00AC5555 /* XAxisView.h */,
				2D22B8C921C4C18B00AC5555 /* XAxisView.m */,
				2D22B8CE21C4C18B00AC5555 /* YAxisView.h */,
				2D22B8C621C4C18B00AC5555 /* YAxisView.m */,
				2D22B8D021C4C18B00AC5555 /* LineView.h */,
				2D22B8C821C4C18B00AC5555 /* LineView.m */,
				2D22B8D321C4C18B00AC5555 /* ValueView.h */,
				2D22B8CA21C4C18B00AC5555 /* ValueView.m */,
				2D22B8CD21C4C18B00AC5555 /* PointView.h */,
				2D22B8C721C4C18B00AC5555 /* PointView.m */,
			);
			path = HCLineChart;
			sourceTree = "<group>";
		};
		2D4332E720BE713200EA53AC = {
			isa = PBXGroup;
			children = (
				2D4332F220BE713200EA53AC /* HCLineChart */,
				2D4332F120BE713200EA53AC /* Products */,
			);
			sourceTree = "<group>";
		};
		2D4332F120BE713200EA53AC /* Products */ = {
			isa = PBXGroup;
			children = (
				2D4332F020BE713200EA53AC /* HCLineChart.app */,
			);
			name = Products;
			sourceTree = "<group>";
		};
		2D4332F220BE713200EA53AC /* HCLineChart */ = {
			isa = PBXGroup;
			children = (
				2D4332F320BE713200EA53AC /* AppDelegate.h */,
				2D4332F420BE713200EA53AC /* AppDelegate.m */,
				2D4332F620BE713200EA53AC /* ViewController.h */,
				2D4332F720BE713200EA53AC /* ViewController.m */,
				2D4332F920BE713200EA53AC /* Main.storyboard */,
				2D22B8C421C4C18B00AC5555 /* HCLineChart */,
				2D4332FC20BE713300EA53AC /* Assets.xcassets */,
				2D4332FE20BE713300EA53AC /* LaunchScreen.storyboard */,
				2D43330120BE713300EA53AC /* Info.plist */,
				2D43330220BE713300EA53AC /* main.m */,
				2D22B8C121C4C05600AC5555 /* CommonTool.h */,
				2D22B8C221C4C05700AC5555 /* CommonTool.m */,
				2D22B89D21C4BFD100AC5555 /* Masonry */,
			);
			path = HCLineChart;
			sourceTree = "<group>";
		};
/* End PBXGroup section */

/* Begin PBXNativeTarget section */
		2D4332EF20BE713200EA53AC /* HCLineChart */ = {
			isa = PBXNativeTarget;
			buildConfigurationList = 2D43330620BE713300EA53AC /* Build configuration list for PBXNativeTarget "HCLineChart" */;
			buildPhases = (
				2D4332EC20BE713200EA53AC /* Sources */,
				2D4332ED20BE713200EA53AC /* Frameworks */,
				2D4332EE20BE713200EA53AC /* Resources */,
			);
			buildRules = (
			);
			dependencies = (
			);
			name = HCLineChart;
			productName = HCLineChart;
			productReference = 2D4332F020BE713200EA53AC /* HCLineChart.app */;
			productType = "com.apple.product-type.application";
		};
/* End PBXNativeTarget section */

/* Begin PBXProject section */
		2D4332E820BE713200EA53AC /* Project object */ = {
			isa = PBXProject;
			attributes = {
				LastUpgradeCheck = 0930;
				ORGANIZATIONNAME = f2pool;
				TargetAttributes = {
					2D4332EF20BE713200EA53AC = {
						CreatedOnToolsVersion = 9.3.1;
					};
				};
			};
			buildConfigurationList = 2D4332EB20BE713200EA53AC /* Build configuration list for PBXProject "HCLineChart" */;
			compatibilityVersion = "Xcode 9.3";
			developmentRegion = en;
			hasScannedForEncodings = 0;
			knownRegions = (
				en,
				Base,
			);
			mainGroup = 2D4332E720BE713200EA53AC;
			productRefGroup = 2D4332F120BE713200EA53AC /* Products */;
			projectDirPath = "";
			projectRoot = "";
			targets = (
				2D4332EF20BE713200EA53AC /* HCLineChart */,
			);
		};
/* End PBXProject section */

/* Begin PBXResourcesBuildPhase section */
		2D4332EE20BE713200EA53AC /* Resources */ = {
			isa = PBXResourcesBuildPhase;
			buildActionMask = 2147483647;
			files = (
				2D43330020BE713300EA53AC /* LaunchScreen.storyboard in Resources */,
				2D4332FD20BE713300EA53AC /* Assets.xcassets in Resources */,
				2D4332FB20BE713200EA53AC /* Main.storyboard in Resources */,
			);
			runOnlyForDeploymentPostprocessing = 0;
		};
/* End PBXResourcesBuildPhase section */

/* Begin PBXSourcesBuildPhase section */
		2D4332EC20BE713200EA53AC /* Sources */ = {
			isa = PBXSourcesBuildPhase;
			buildActionMask = 2147483647;
			files = (
				2D22B8BC21C4BFD100AC5555 /* NSArray+MASAdditions.m in Sources */,
				2D4332F820BE713200EA53AC /* ViewController.m in Sources */,
				2D22B8D821C4C18B00AC5555 /* LineView.m in Sources */,
				2D22B8BD21C4BFD100AC5555 /* View+MASAdditions.m in Sources */,
				2D22B8B721C4BFD100AC5555 /* NSLayoutConstraint+MASDebugAdditions.m in Sources */,
				2D22B8C321C4C05700AC5555 /* CommonTool.m in Sources */,
				2D22B8DB21C4C18B00AC5555 /* AxisView.m in Sources */,
				2D22B8B921C4BFD100AC5555 /* MASCompositeConstraint.m in Sources */,
				2D22B8B821C4BFD100AC5555 /* ViewController+MASAdditions.m in Sources */,
				2D22B8D921C4C18B00AC5555 /* XAxisView.m in Sources */,
				2D22B8C021C4BFD100AC5555 /* MASViewAttribute.m in Sources */,
				2D22B8BF21C4BFD100AC5555 /* MASViewConstraint.m in Sources */,
				2D43330320BE713300EA53AC /* main.m in Sources */,
				2D22B8BA21C4BFD100AC5555 /* MASConstraintMaker.m in Sources */,
				2D22B8BB21C4BFD100AC5555 /* MASLayoutConstraint.m in Sources */,
				2D22B8DA21C4C18B00AC5555 /* ValueView.m in Sources */,
				2D4332F520BE713200EA53AC /* AppDelegate.m in Sources */,
				2D22B8D721C4C18B00AC5555 /* PointView.m in Sources */,
				2D22B8DC21C4C18B00AC5555 /* HCLineChartView.m in Sources */,
				2D22B8BE21C4BFD100AC5555 /* MASConstraint.m in Sources */,
				2D22B8D621C4C18B00AC5555 /* YAxisView.m in Sources */,
			);
			runOnlyForDeploymentPostprocessing = 0;
		};
/* End PBXSourcesBuildPhase section */

/* Begin PBXVariantGroup section */
		2D4332F920BE713200EA53AC /* Main.storyboard */ = {
			isa = PBXVariantGroup;
			children = (
				2D4332FA20BE713200EA53AC /* Base */,
			);
			name = Main.storyboard;
			sourceTree = "<group>";
		};
		2D4332FE20BE713300EA53AC /* LaunchScreen.storyboard */ = {
			isa = PBXVariantGroup;
			children = (
				2D4332FF20BE713300EA53AC /* Base */,
			);
			name = LaunchScreen.storyboard;
			sourceTree = "<group>";
		};
/* End PBXVariantGroup section */

/* Begin XCBuildConfiguration section */
		2D43330420BE713300EA53AC /* Debug */ = {
			isa = XCBuildConfiguration;
			buildSettings = {
				ALWAYS_SEARCH_USER_PATHS = NO;
				CLANG_ANALYZER_NONNULL = YES;
				CLANG_ANALYZER_NUMBER_OBJECT_CONVERSION = YES_AGGRESSIVE;
				CLANG_CXX_LANGUAGE_STANDARD = "gnu++14";
				CLANG_CXX_LIBRARY = "libc++";
				CLANG_ENABLE_MODULES = YES;
				CLANG_ENABLE_OBJC_ARC = YES;
				CLANG_ENABLE_OBJC_WEAK = YES;
				CLANG_WARN_BLOCK_CAPTURE_AUTORELEASING = YES;
				CLANG_WARN_BOOL_CONVERSION = YES;
				CLANG_WARN_COMMA = YES;
				CLANG_WARN_CONSTANT_CONVERSION = YES;
				CLANG_WARN_DEPRECATED_OBJC_IMPLEMENTATIONS = YES;
				CLANG_WARN_DIRECT_OBJC_ISA_USAGE = YES_ERROR;
				CLANG_WARN_DOCUMENTATION_COMMENTS = YES;
				CLANG_WARN_EMPTY_BODY = YES;
				CLANG_WARN_ENUM_CONVERSION = YES;
				CLANG_WARN_INFINITE_RECURSION = YES;
				CLANG_WARN_INT_CONVERSION = YES;
				CLANG_WARN_NON_LITERAL_NULL_CONVERSION = YES;
				CLANG_WARN_OBJC_IMPLICIT_RETAIN_SELF = YES;
				CLANG_WARN_OBJC_LITERAL_CONVERSION = YES;
				CLANG_WARN_OBJC_ROOT_CLASS = YES_ERROR;
				CLANG_WARN_RANGE_LOOP_ANALYSIS = YES;
				CLANG_WARN_STRICT_PROTOTYPES = YES;
				CLANG_WARN_SUSPICIOUS_MOVE = YES;
				CLANG_WARN_UNGUARDED_AVAILABILITY = YES_AGGRESSIVE;
				CLANG_WARN_UNREACHABLE_CODE = YES;
				CLANG_WARN__DUPLICATE_METHOD_MATCH = YES;
				CODE_SIGN_IDENTITY = "iPhone Developer";
				COPY_PHASE_STRIP = NO;
				DEBUG_INFORMATION_FORMAT = dwarf;
				ENABLE_STRICT_OBJC_MSGSEND = YES;
				ENABLE_TESTABILITY = YES;
				GCC_C_LANGUAGE_STANDARD = gnu11;
				GCC_DYNAMIC_NO_PIC = NO;
				GCC_NO_COMMON_BLOCKS = YES;
				GCC_OPTIMIZATION_LEVEL = 0;
				GCC_PREPROCESSOR_DEFINITIONS = (
					"DEBUG=1",
					"$(inherited)",
				);
				GCC_WARN_64_TO_32_BIT_CONVERSION = YES;
				GCC_WARN_ABOUT_RETURN_TYPE = YES_ERROR;
				GCC_WARN_UNDECLARED_SELECTOR = YES;
				GCC_WARN_UNINITIALIZED_AUTOS = YES_AGGRESSIVE;
				GCC_WARN_UNUSED_FUNCTION = YES;
				GCC_WARN_UNUSED_VARIABLE = YES;
				IPHONEOS_DEPLOYMENT_TARGET = 11.3;
				MTL_ENABLE_DEBUG_INFO = YES;
				ONLY_ACTIVE_ARCH = YES;
				SDKROOT = iphoneos;
			};
			name = Debug;
		};
		2D43330520BE713300EA53AC /* Release */ = {
			isa = XCBuildConfiguration;
			buildSettings = {
				ALWAYS_SEARCH_USER_PATHS = NO;
				CLANG_ANALYZER_NONNULL = YES;
				CLANG_ANALYZER_NUMBER_OBJECT_CONVERSION = YES_AGGRESSIVE;
				CLANG_CXX_LANGUAGE_STANDARD = "gnu++14";
				CLANG_CXX_LIBRARY = "libc++";
				CLANG_ENABLE_MODULES = YES;
				CLANG_ENABLE_OBJC_ARC = YES;
				CLANG_ENABLE_OBJC_WEAK = YES;
				CLANG_WARN_BLOCK_CAPTURE_AUTORELEASING = YES;
				CLANG_WARN_BOOL_CONVERSION = YES;
				CLANG_WARN_COMMA = YES;
				CLANG_WARN_CONSTANT_CONVERSION = YES;
				CLANG_WARN_DEPRECATED_OBJC_IMPLEMENTATIONS = YES;
				CLANG_WARN_DIRECT_OBJC_ISA_USAGE = YES_ERROR;
				CLANG_WARN_DOCUMENTATION_COMMENTS = YES;
				CLANG_WARN_EMPTY_BODY = YES;
				CLANG_WARN_ENUM_CONVERSION = YES;
				CLANG_WARN_INFINITE_RECURSION = YES;
				CLANG_WARN_INT_CONVERSION = YES;
				CLANG_WARN_NON_LITERAL_NULL_CONVERSION = YES;
				CLANG_WARN_OBJC_IMPLICIT_RETAIN_SELF = YES;
				CLANG_WARN_OBJC_LITERAL_CONVERSION = YES;
				CLANG_WARN_OBJC_ROOT_CLASS = YES_ERROR;
				CLANG_WARN_RANGE_LOOP_ANALYSIS = YES;
				CLANG_WARN_STRICT_PROTOTYPES = YES;
				CLANG_WARN_SUSPICIOUS_MOVE = YES;
				CLANG_WARN_UNGUARDED_AVAILABILITY = YES_AGGRESSIVE;
				CLANG_WARN_UNREACHABLE_CODE = YES;
				CLANG_WARN__DUPLICATE_METHOD_MATCH = YES;
				CODE_SIGN_IDENTITY = "iPhone Developer";
				COPY_PHASE_STRIP = NO;
				DEBUG_INFORMATION_FORMAT = "dwarf-with-dsym";
				ENABLE_NS_ASSERTIONS = NO;
				ENABLE_STRICT_OBJC_MSGSEND = YES;
				GCC_C_LANGUAGE_STANDARD = gnu11;
				GCC_NO_COMMON_BLOCKS = YES;
				GCC_WARN_64_TO_32_BIT_CONVERSION = YES;
				GCC_WARN_ABOUT_RETURN_TYPE = YES_ERROR;
				GCC_WARN_UNDECLARED_SELECTOR = YES;
				GCC_WARN_UNINITIALIZED_AUTOS = YES_AGGRESSIVE;
				GCC_WARN_UNUSED_FUNCTION = YES;
				GCC_WARN_UNUSED_VARIABLE = YES;
				IPHONEOS_DEPLOYMENT_TARGET = 11.3;
				MTL_ENABLE_DEBUG_INFO = NO;
				SDKROOT = iphoneos;
				VALIDATE_PRODUCT = YES;
			};
			name = Release;
		};
		2D43330720BE713300EA53AC /* Debug */ = {
			isa = XCBuildConfiguration;
			buildSettings = {
				ASSETCATALOG_COMPILER_APPICON_NAME = AppIcon;
				CODE_SIGN_STYLE = Automatic;
				DEVELOPMENT_TEAM = GAY7Z86N8D;
				INFOPLIST_FILE = HCLineChart/Info.plist;
				IPHONEOS_DEPLOYMENT_TARGET = 8.0;
				LD_RUNPATH_SEARCH_PATHS = (
					"$(inherited)",
					"@executable_path/Frameworks",
				);
				PRODUCT_BUNDLE_IDENTIFIER = com.f2pool.HCLineChart;
				PRODUCT_NAME = "$(TARGET_NAME)";
				TARGETED_DEVICE_FAMILY = "1,2";
			};
			name = Debug;
		};
		2D43330820BE713300EA53AC /* Release */ = {
			isa = XCBuildConfiguration;
			buildSettings = {
				ASSETCATALOG_COMPILER_APPICON_NAME = AppIcon;
				CODE_SIGN_STYLE = Automatic;
				DEVELOPMENT_TEAM = GAY7Z86N8D;
				INFOPLIST_FILE = HCLineChart/Info.plist;
				IPHONEOS_DEPLOYMENT_TARGET = 8.0;
				LD_RUNPATH_SEARCH_PATHS = (
					"$(inherited)",
					"@executable_path/Frameworks",
				);
				PRODUCT_BUNDLE_IDENTIFIER = com.f2pool.HCLineChart;
				PRODUCT_NAME = "$(TARGET_NAME)";
				TARGETED_DEVICE_FAMILY = "1,2";
			};
			name = Release;
		};
/* End XCBuildConfiguration section */

/* Begin XCConfigurationList section */
		2D4332EB20BE713200EA53AC /* Build configuration list for PBXProject "HCLineChart" */ = {
			isa = XCConfigurationList;
			buildConfigurations = (
				2D43330420BE713300EA53AC /* Debug */,
				2D43330520BE713300EA53AC /* Release */,
			);
			defaultConfigurationIsVisible = 0;
			defaultConfigurationName = Release;
		};
		2D43330620BE713300EA53AC /* Build configuration list for PBXNativeTarget "HCLineChart" */ = {
			isa = XCConfigurationList;
			buildConfigurations = (
				2D43330720BE713300EA53AC /* Debug */,
				2D43330820BE713300EA53AC /* Release */,
			);
			defaultConfigurationIsVisible = 0;
			defaultConfigurationName = Release;
		};
/* End XCConfigurationList section */
	};
	rootObject = 2D4332E820BE713200EA53AC /* Project object */;
}
